%{"distillery": {:hex, :distillery, "1.5.2", "eec18b2d37b55b0bcb670cf2bcf64228ed38ce8b046bb30a9b636a6f5a4c0080", [:mix], [], "hexpm"},
  "nerves": {:hex, :nerves, "0.8.1", "6274f54ffb697bd2db3976edc052ba159722061dc7e847767226a554f3ab2ec4", [:mix], [{:distillery, "~> 1.4", [hex: :distillery, repo: "hexpm", optional: false]}], "hexpm"},
  "nerves_system_br": {:hex, :nerves_system_br, "0.15.0", "4c684ec9e5afe340fdd606a40cea04e44fee291e08fed7cffcaae9ba62b8c279", [:mix], [], "hexpm"},
  "nerves_toolchain_ctng": {:hex, :nerves_toolchain_ctng, "1.2.0", "ee7fafe2ba64f10330993dbfbee942d064905c3a5f746076c098e5a61e4aab01", [:mix], [], "hexpm"},
  "nerves_toolchain_x86_64_unknown_linux_gnu": {:hex, :nerves_toolchain_x86_64_unknown_linux_gnu, "0.12.0", "3aec2c8add414439832bbc3a6c818c554d1d2b67c2584eca138b5dbdf5b6a2bb", [:mix], [{:nerves, "~> 0.8", [hex: :nerves, repo: "hexpm", optional: false]}, {:nerves_toolchain_ctng, "~> 1.2", [hex: :nerves_toolchain_ctng, repo: "hexpm", optional: false]}], "hexpm"},
  "nerves_toolchain_x86_64_unknown_linux_musl": {:hex, :nerves_toolchain_x86_64_unknown_linux_musl, "0.11.0", "15adde7a5df1d35d0f3f9c46cc3784c2d5e4f2b3a5bff7023f33b7799ddef997", [:mix], [{:nerves, "~> 0.7", [hex: :nerves, repo: "hexpm", optional: false]}, {:nerves_toolchain_ctng, "~> 1.1", [hex: :nerves_toolchain_ctng, repo: "hexpm", optional: false]}], "hexpm"}}
